// !$*UTF8*$!
{
	archiveVersion = 1;
	classes = {
	};
	objectVersion = 50;
	objects = {

/* Begin PBXBuildFile section */
		36FD6AA4219A7324001F7CE3 /* AppDelegate.m in Sources */ = {isa = PBXBuildFile; fileRef = 36FD6AA3219A7324001F7CE3 /* AppDelegate.m */; };
		36FD6AA7219A7324001F7CE3 /* ViewController.m in Sources */ = {isa = PBXBuildFile; fileRef = 36FD6AA6219A7324001F7CE3 /* ViewController.m */; };
		36FD6AAA219A7324001F7CE3 /* Main.storyboard in Resources */ = {isa = PBXBuildFile; fileRef = 36FD6AA8219A7324001F7CE3 /* Main.storyboard */; };
		36FD6AAC219A7330001F7CE3 /* Assets.xcassets in Resources */ = {isa = PBXBuildFile; fileRef = 36FD6AAB219A7330001F7CE3 /* Assets.xcassets */; };
		36FD6AAF219A7330001F7CE3 /* LaunchScreen.storyboard in Resources */ = {isa = PBXBuildFile; fileRef = 36FD6AAD219A7330001F7CE3 /* LaunchScreen.storyboard */; };
		36FD6AB2219A7330001F7CE3 /* main.m in Sources */ = {isa = PBXBuildFile; fileRef = 36FD6AB1219A7330001F7CE3 /* main.m */; };
		36FD6ABC219A7330001F7CE3 /* MarqueeTests.m in Sources */ = {isa = PBXBuildFile; fileRef = 36FD6ABB219A7330001F7CE3 /* MarqueeTests.m */; };
		36FD6AC7219A7330001F7CE3 /* MarqueeUITests.m in Sources */ = {isa = PBXBuildFile; fileRef = 36FD6AC6219A7330001F7CE3 /* MarqueeUITests.m */; };
/* End PBXBuildFile section */

/* Begin PBXContainerItemProxy section */
		36FD6AB8219A7330001F7CE3 /* PBXContainerItemProxy */ = {
			isa = PBXContainerItemProxy;
			containerPortal = 36FD6A97219A7324001F7CE3 /* Project object */;
			proxyType = 1;
			remoteGlobalIDString = 36FD6A9E219A7324001F7CE3;
			remoteInfo = Marquee;
		};
		36FD6AC3219A7330001F7CE3 /* PBXContainerItemProxy */ = {
			isa = PBXContainerItemProxy;
			containerPortal = 36FD6A97219A7324001F7CE3 /* Project object */;
			proxyType = 1;
			remoteGlobalIDString = 36FD6A9E219A7324001F7CE3;
			remoteInfo = Marquee;
		};
/* End PBXContainerItemProxy section */

/* Begin PBXFileReference section */
		36FD6A9F219A7324001F7CE3 /* Marquee.app */ = {isa = PBXFileReference; explicitFileType = wrapper.application; includeInIndex = 0; path = Marquee.app; sourceTree = BUILT_PRODUCTS_DIR; };
		36FD6AA2219A7324001F7CE3 /* AppDelegate.h */ = {isa = PBXFileReference; lastKnownFileType = sourcecode.c.h; path = AppDelegate.h; sourceTree = "<group>"; };
		36FD6AA3219A7324001F7CE3 /* AppDelegate.m */ = {isa = PBXFileReference; lastKnownFileType = sourcecode.c.objc; path = AppDelegate.m; sourceTree = "<group>"; };
		36FD6AA5219A7324001F7CE3 /* ViewController.h */ = {isa = PBXFileReference; lastKnownFileType = sourcecode.c.h; path = ViewController.h; sourceTree = "<group>"; };
		36FD6AA6219A7324001F7CE3 /* ViewController.m */ = {isa = PBXFileReference; lastKnownFileType = sourcecode.c.objc; path = ViewController.m; sourceTree = "<group>"; };
		36FD6AA9219A7324001F7CE3 /* Base */ = {isa = PBXFileReference; lastKnownFileType = file.storyboard; name = Base; path = Base.lproj/Main.storyboard; sourceTree = "<group>"; };
		36FD6AAB219A7330001F7CE3 /* Assets.xcassets */ = {isa = PBXFileReference; lastKnownFileType = folder.assetcatalog; path = Assets.xcassets; sourceTree = "<group>"; };
		36FD6AAE219A7330001F7CE3 /* Base */ = {isa = PBXFileReference; lastKnownFileType = file.storyboard; name = Base; path = Base.lproj/LaunchScreen.storyboard; sourceTree = "<group>"; };
		36FD6AB0219A7330001F7CE3 /* Info.plist */ = {isa = PBXFileReference; lastKnownFileType = text.plist.xml; path = Info.plist; sourceTree = "<group>"; };
		36FD6AB1219A7330001F7CE3 /* main.m */ = {isa = PBXFileReference; lastKnownFileType = sourcecode.c.objc; path = main.m; sourceTree = "<group>"; };
		36FD6AB7219A7330001F7CE3 /* MarqueeTests.xctest */ = {isa = PBXFileReference; explicitFileType = wrapper.cfbundle; includeInIndex = 0; path = MarqueeTests.xctest; sourceTree = BUILT_PRODUCTS_DIR; };
		36FD6ABB219A7330001F7CE3 /* MarqueeTests.m */ = {isa = PBXFileReference; lastKnownFileType = sourcecode.c.objc; path = MarqueeTests.m; sourceTree = "<group>"; };
		36FD6ABD219A7330001F7CE3 /* Info.plist */ = {isa = PBXFileReference; lastKnownFileType = text.plist.xml; path = Info.plist; sourceTree = "<group>"; };
		36FD6AC2219A7330001F7CE3 /* MarqueeUITests.xctest */ = {isa = PBXFileReference; explicitFileType = wrapper.cfbundle; includeInIndex = 0; path = MarqueeUITests.xctest; sourceTree = BUILT_PRODUCTS_DIR; };
		36FD6AC6219A7330001F7CE3 /* MarqueeUITests.m */ = {isa = PBXFileReference; lastKnownFileType = sourcecode.c.objc; path = MarqueeUITests.m; sourceTree = "<group>"; };
		36FD6AC8219A7330001F7CE3 /* Info.plist */ = {isa = PBXFileReference; lastKnownFileType = text.plist.xml; path = Info.plist; sourceTree = "<group>"; };
/* End PBXFileReference section */

/* Begin PBXFrameworksBuildPhase section */
		36FD6A9C219A7324001F7CE3 /* Frameworks */ = {
			isa = PBXFrameworksBuildPhase;
			buildActionMask = 2147483647;
			files = (
			);
			runOnlyForDeploymentPostprocessing = 0;
		};
		36FD6AB4219A7330001F7CE3 /* Frameworks */ = {
			isa = PBXFrameworksBuildPhase;
			buildActionMask = 2147483647;
			files = (
			);
			runOnlyForDeploymentPostprocessing = 0;
		};
		36FD6ABF219A7330001F7CE3 /* Frameworks */ = {
			isa = PBXFrameworksBuildPhase;
			buildActionMask = 2147483647;
			files = (
			);
			runOnlyForDeploymentPostprocessing = 0;
		};
/* End PBXFrameworksBuildPhase section */

/* Begin PBXGroup section */
		36FD6A96219A7324001F7CE3 = {
			isa = PBXGroup;
			children = (
				36FD6AA1219A7324001F7CE3 /* Marquee */,
				36FD6ABA219A7330001F7CE3 /* MarqueeTests */,
				36FD6AC5219A7330001F7CE3 /* MarqueeUITests */,
				36FD6AA0219A7324001F7CE3 /* Products */,
			);
			sourceTree = "<group>";
		};
		36FD6AA0219A7324001F7CE3 /* Products */ = {
			isa = PBXGroup;
			children = (
				36FD6A9F219A7324001F7CE3 /* Marquee.app */,
				36FD6AB7219A7330001F7CE3 /* MarqueeTests.xctest */,
				36FD6AC2219A7330001F7CE3 /* MarqueeUITests.xctest */,
			);
			name = Products;
			sourceTree = "<group>";
		};
		36FD6AA1219A7324001F7CE3 /* Marquee */ = {
			isa = PBXGroup;
			children = (
				36FD6AA2219A7324001F7CE3 /* AppDelegate.h */,
				36FD6AA3219A7324001F7CE3 /* AppDelegate.m */,
				36FD6AA5219A7324001F7CE3 /* ViewController.h */,
				36FD6AA6219A7324001F7CE3 /* ViewController.m */,
				36FD6AA8219A7324001F7CE3 /* Main.storyboard */,
				36FD6AAB219A7330001F7CE3 /* Assets.xcassets */,
				36FD6AAD219A7330001F7CE3 /* LaunchScreen.storyboard */,
				36FD6AB0219A7330001F7CE3 /* Info.plist */,
				36FD6AB1219A7330001F7CE3 /* main.m */,
			);
			path = Marquee;
			sourceTree = "<group>";
		};
		36FD6ABA219A7330001F7CE3 /* MarqueeTests */ = {
			isa = PBXGroup;
			children = (
				36FD6ABB219A7330001F7CE3 /* MarqueeTests.m */,
				36FD6ABD219A7330001F7CE3 /* Info.plist */,
			);
			path = MarqueeTests;
			sourceTree = "<group>";
		};
		36FD6AC5219A7330001F7CE3 /* MarqueeUITests */ = {
			isa = PBXGroup;
			children = (
				36FD6AC6219A7330001F7CE3 /* MarqueeUITests.m */,
				36FD6AC8219A7330001F7CE3 /* Info.plist */,
			);
			path = MarqueeUITests;
			sourceTree = "<group>";
		};
/* End PBXGroup section */

/* Begin PBXNativeTarget section */
		36FD6A9E219A7324001F7CE3 /* Marquee */ = {
			isa = PBXNativeTarget;
			buildConfigurationList = 36FD6ACB219A7330001F7CE3 /* Build configuration list for PBXNativeTarget "Marquee" */;
			buildPhases = (
				36FD6A9B219A7324001F7CE3 /* Sources */,
				36FD6A9C219A7324001F7CE3 /* Frameworks */,
				36FD6A9D219A7324001F7CE3 /* Resources */,
			);
			buildRules = (
			);
			dependencies = (
			);
			name = Marquee;
			productName = Marquee;
			productReference = 36FD6A9F219A7324001F7CE3 /* Marquee.app */;
			productType = "com.apple.product-type.application";
		};
		36FD6AB6219A7330001F7CE3 /* MarqueeTests */ = {
			isa = PBXNativeTarget;
			buildConfigurationList = 36FD6ACE219A7330001F7CE3 /* Build configuration list for PBXNativeTarget "MarqueeTests" */;
			buildPhases = (
				36FD6AB3219A7330001F7CE3 /* Sources */,
				36FD6AB4219A7330001F7CE3 /* Frameworks */,
				36FD6AB5219A7330001F7CE3 /* Resources */,
			);
			buildRules = (
			);
			dependencies = (
				36FD6AB9219A7330001F7CE3 /* PBXTargetDependency */,
			);
			name = MarqueeTests;
			productName = MarqueeTests;
			productReference = 36FD6AB7219A7330001F7CE3 /* MarqueeTests.xctest */;
			productType = "com.apple.product-type.bundle.unit-test";
		};
		36FD6AC1219A7330001F7CE3 /* MarqueeUITests */ = {
			isa = PBXNativeTarget;
			buildConfigurationList = 36FD6AD1219A7330001F7CE3 /* Build configuration list for PBXNativeTarget "MarqueeUITests" */;
			buildPhases = (
				36FD6ABE219A7330001F7CE3 /* Sources */,
				36FD6ABF219A7330001F7CE3 /* Frameworks */,
				36FD6AC0219A7330001F7CE3 /* Resources */,
			);
			buildRules = (
			);
			dependencies = (
				36FD6AC4219A7330001F7CE3 /* PBXTargetDependency */,
			);
			name = MarqueeUITests;
			productName = MarqueeUITests;
			productReference = 36FD6AC2219A7330001F7CE3 /* MarqueeUITests.xctest */;
			productType = "com.apple.product-type.bundle.ui-testing";
		};
/* End PBXNativeTarget section */

/* Begin PBXProject section */
		36FD6A97219A7324001F7CE3 /* Project object */ = {
			isa = PBXProject;
			attributes = {
				LastUpgradeCheck = 1000;
				ORGANIZATIONNAME = ZZJ;
				TargetAttributes = {
					36FD6A9E219A7324001F7CE3 = {
						CreatedOnToolsVersion = 10.0;
					};
					36FD6AB6219A7330001F7CE3 = {
						CreatedOnToolsVersion = 10.0;
						TestTargetID = 36FD6A9E219A7324001F7CE3;
					};
					36FD6AC1219A7330001F7CE3 = {
						CreatedOnToolsVersion = 10.0;
						TestTargetID = 36FD6A9E219A7324001F7CE3;
					};
				};
			};
			buildConfigurationList = 36FD6A9A219A7324001F7CE3 /* Build configuration list for PBXProject "Marquee" */;
			compatibilityVersion = "Xcode 9.3";
			developmentRegion = en;
			hasScannedForEncodings = 0;
			knownRegions = (
				en,
				Base,
			);
			mainGroup = 36FD6A96219A7324001F7CE3;
			productRefGroup = 36FD6AA0219A7324001F7CE3 /* Products */;
			projectDirPath = "";
			projectRoot = "";
			targets = (
				36FD6A9E219A7324001F7CE3 /* Marquee */,
				36FD6AB6219A7330001F7CE3 /* MarqueeTests */,
				36FD6AC1219A7330001F7CE3 /* MarqueeUITests */,
			);
		};
/* End PBXProject section */

/* Begin PBXResourcesBuildPhase section */
		36FD6A9D219A7324001F7CE3 /* Resources */ = {
			isa = PBXResourcesBuildPhase;
			buildActionMask = 2147483647;
			files = (
				36FD6AAF219A7330001F7CE3 /* LaunchScreen.storyboard in Resources */,
				36FD6AAC219A7330001F7CE3 /* Assets.xcassets in Resources */,
				36FD6AAA219A7324001F7CE3 /* Main.storyboard in Resources */,
			);
			runOnlyForDeploymentPostprocessing = 0;
		};
		36FD6AB5219A7330001F7CE3 /* Resources */ = {
			isa = PBXResourcesBuildPhase;
			buildActionMask = 2147483647;
			files = (
			);
			runOnlyForDeploymentPostprocessing = 0;
		};
		36FD6AC0219A7330001F7CE3 /* Resources */ = {
			isa = PBXResourcesBuildPhase;
			buildActionMask = 2147483647;
			files = (
			);
			runOnlyForDeploymentPostprocessing = 0;
		};
/* End PBXResourcesBuildPhase section */

/* Begin PBXSourcesBuildPhase section */
		36FD6A9B219A7324001F7CE3 /* Sources */ = {
			isa = PBXSourcesBuildPhase;
			buildActionMask = 2147483647;
			files = (
				36FD6AA7219A7324001F7CE3 /* ViewController.m in Sources */,
				36FD6AB2219A7330001F7CE3 /* main.m in Sources */,
				36FD6AA4219A7324001F7CE3 /* AppDelegate.m in Sources */,
			);
			runOnlyForDeploymentPostprocessing = 0;
		};
		36FD6AB3219A7330001F7CE3 /* Sources */ = {
			isa = PBXSourcesBuildPhase;
			buildActionMask = 2147483647;
			files = (
				36FD6ABC219A7330001F7CE3 /* MarqueeTests.m in Sources */,
			);
			runOnlyForDeploymentPostprocessing = 0;
		};
		36FD6ABE219A7330001F7CE3 /* Sources */ = {
			isa = PBXSourcesBuildPhase;
			buildActionMask = 2147483647;
			files = (
				36FD6AC7219A7330001F7CE3 /* MarqueeUITests.m in Sources */,
			);
			runOnlyForDeploymentPostprocessing = 0;
		};
/* End PBXSourcesBuildPhase section */

/* Begin PBXTargetDependency section */
		36FD6AB9219A7330001F7CE3 /* PBXTargetDependency */ = {
			isa = PBXTargetDependency;
			target = 36FD6A9E219A7324001F7CE3 /* Marquee */;
			targetProxy = 36FD6AB8219A7330001F7CE3 /* PBXContainerItemProxy */;
		};
		36FD6AC4219A7330001F7CE3 /* PBXTargetDependency */ = {
			isa = PBXTargetDependency;
			target = 36FD6A9E219A7324001F7CE3 /* Marquee */;
			targetProxy = 36FD6AC3219A7330001F7CE3 /* PBXContainerItemProxy */;
		};
/* End PBXTargetDependency section */

/* Begin PBXVariantGroup section */
		36FD6AA8219A7324001F7CE3 /* Main.storyboard */ = {
			isa = PBXVariantGroup;
			children = (
				36FD6AA9219A7324001F7CE3 /* Base */,
			);
			name = Main.storyboard;
			sourceTree = "<group>";
		};
		36FD6AAD219A7330001F7CE3 /* LaunchScreen.storyboard */ = {
			isa = PBXVariantGroup;
			children = (
				36FD6AAE219A7330001F7CE3 /* Base */,
			);
			name = LaunchScreen.storyboard;
			sourceTree = "<group>";
		};
/* End PBXVariantGroup section */

/* Begin XCBuildConfiguration section */
		36FD6AC9219A7330001F7CE3 /* Debug */ = {
			isa = XCBuildConfiguration;
			buildSettings = {
				ALWAYS_SEARCH_USER_PATHS = NO;
				CLANG_ANALYZER_NONNULL = YES;
				CLANG_ANALYZER_NUMBER_OBJECT_CONVERSION = YES_AGGRESSIVE;
				CLANG_CXX_LANGUAGE_STANDARD = "gnu++14";
				CLANG_CXX_LIBRARY = "libc++";
				CLANG_ENABLE_MODULES = YES;
				CLANG_ENABLE_OBJC_ARC = YES;
				CLANG_ENABLE_OBJC_WEAK = YES;
				CLANG_WARN_BLOCK_CAPTURE_AUTORELEASING = YES;
				CLANG_WARN_BOOL_CONVERSION = YES;
				CLANG_WARN_COMMA = YES;
				CLANG_WARN_CONSTANT_CONVERSION = YES;
				CLANG_WARN_DEPRECATED_OBJC_IMPLEMENTATIONS = YES;
				CLANG_WARN_DIRECT_OBJC_ISA_USAGE = YES_ERROR;
				CLANG_WARN_DOCUMENTATION_COMMENTS = YES;
				CLANG_WARN_EMPTY_BODY = YES;
				CLANG_WARN_ENUM_CONVERSION = YES;
				CLANG_WARN_INFINITE_RECURSION = YES;
				CLANG_WARN_INT_CONVERSION = YES;
				CLANG_WARN_NON_LITERAL_NULL_CONVERSION = YES;
				CLANG_WARN_OBJC_IMPLICIT_RETAIN_SELF = YES;
				CLANG_WARN_OBJC_LITERAL_CONVERSION = YES;
				CLANG_WARN_OBJC_ROOT_CLASS = YES_ERROR;
				CLANG_WARN_RANGE_LOOP_ANALYSIS = YES;
				CLANG_WARN_STRICT_PROTOTYPES = YES;
				CLANG_WARN_SUSPICIOUS_MOVE = YES;
				CLANG_WARN_UNGUARDED_AVAILABILITY = YES_AGGRESSIVE;
				CLANG_WARN_UNREACHABLE_CODE = YES;
				CLANG_WARN__DUPLICATE_METHOD_MATCH = YES;
				CODE_SIGN_IDENTITY = "iPhone Developer";
				COPY_PHASE_STRIP = NO;
				DEBUG_INFORMATION_FORMAT = dwarf;
				ENABLE_STRICT_OBJC_MSGSEND = YES;
				ENABLE_TESTABILITY = YES;
				GCC_C_LANGUAGE_STANDARD = gnu11;
				GCC_DYNAMIC_NO_PIC = NO;
				GCC_NO_COMMON_BLOCKS = YES;
				GCC_OPTIMIZATION_LEVEL = 0;
				GCC_PREPROCESSOR_DEFINITIONS = (
					"DEBUG=1",
					"$(inherited)",
				);
				GCC_WARN_64_TO_32_BIT_CONVERSION = YES;
				GCC_WARN_ABOUT_RETURN_TYPE = YES_ERROR;
				GCC_WARN_UNDECLARED_SELECTOR = YES;
				GCC_WARN_UNINITIALIZED_AUTOS = YES_AGGRESSIVE;
				GCC_WARN_UNUSED_FUNCTION = YES;
				GCC_WARN_UNUSED_VARIABLE = YES;
				IPHONEOS_DEPLOYMENT_TARGET = 12.0;
				MTL_ENABLE_DEBUG_INFO = INCLUDE_SOURCE;
				MTL_FAST_MATH = YES;
				ONLY_ACTIVE_ARCH = YES;
				SDKROOT = iphoneos;
			};
			name = Debug;
		};
		36FD6ACA219A7330001F7CE3 /* Release */ = {
			isa = XCBuildConfiguration;
			buildSettings = {
				ALWAYS_SEARCH_USER_PATHS = NO;
				CLANG_ANALYZER_NONNULL = YES;
				CLANG_ANALYZER_NUMBER_OBJECT_CONVERSION = YES_AGGRESSIVE;
				CLANG_CXX_LANGUAGE_STANDARD = "gnu++14";
				CLANG_CXX_LIBRARY = "libc++";
				CLANG_ENABLE_MODULES = YES;
				CLANG_ENABLE_OBJC_ARC = YES;
				CLANG_ENABLE_OBJC_WEAK = YES;
				CLANG_WARN_BLOCK_CAPTURE_AUTORELEASING = YES;
				CLANG_WARN_BOOL_CONVERSION = YES;
				CLANG_WARN_COMMA = YES;
				CLANG_WARN_CONSTANT_CONVERSION = YES;
				CLANG_WARN_DEPRECATED_OBJC_IMPLEMENTATIONS = YES;
				CLANG_WARN_DIRECT_OBJC_ISA_USAGE = YES_ERROR;
				CLANG_WARN_DOCUMENTATION_COMMENTS = YES;
				CLANG_WARN_EMPTY_BODY = YES;
				CLANG_WARN_ENUM_CONVERSION = YES;
				CLANG_WARN_INFINITE_RECURSION = YES;
				CLANG_WARN_INT_CONVERSION = YES;
				CLANG_WARN_NON_LITERAL_NULL_CONVERSION = YES;
				CLANG_WARN_OBJC_IMPLICIT_RETAIN_SELF = YES;
				CLANG_WARN_OBJC_LITERAL_CONVERSION = YES;
				CLANG_WARN_OBJC_ROOT_CLASS = YES_ERROR;
				CLANG_WARN_RANGE_LOOP_ANALYSIS = YES;
				CLANG_WARN_STRICT_PROTOTYPES = YES;
				CLANG_WARN_SUSPICIOUS_MOVE = YES;
				CLANG_WARN_UNGUARDED_AVAILABILITY = YES_AGGRESSIVE;
				CLANG_WARN_UNREACHABLE_CODE = YES;
				CLANG_WARN__DUPLICATE_METHOD_MATCH = YES;
				CODE_SIGN_IDENTITY = "iPhone Developer";
				COPY_PHASE_STRIP = NO;
				DEBUG_INFORMATION_FORMAT = "dwarf-with-dsym";
				ENABLE_NS_ASSERTIONS = NO;
				ENABLE_STRICT_OBJC_MSGSEND = YES;
				GCC_C_LANGUAGE_STANDARD = gnu11;
				GCC_NO_COMMON_BLOCKS = YES;
				GCC_WARN_64_TO_32_BIT_CONVERSION = YES;
				GCC_WARN_ABOUT_RETURN_TYPE = YES_ERROR;
				GCC_WARN_UNDECLARED_SELECTOR = YES;
				GCC_WARN_UNINITIALIZED_AUTOS = YES_AGGRESSIVE;
				GCC_WARN_UNUSED_FUNCTION = YES;
				GCC_WARN_UNUSED_VARIABLE = YES;
				IPHONEOS_DEPLOYMENT_TARGET = 12.0;
				MTL_ENABLE_DEBUG_INFO = NO;
				MTL_FAST_MATH = YES;
				SDKROOT = iphoneos;
				VALIDATE_PRODUCT = YES;
			};
			name = Release;
		};
		36FD6ACC219A7330001F7CE3 /* Debug */ = {
			isa = XCBuildConfiguration;
			buildSettings = {
				ASSETCATALOG_COMPILER_APPICON_NAME = AppIcon;
				CODE_SIGN_STYLE = Automatic;
				DEVELOPMENT_TEAM = HHBWV8ZU9T;
				INFOPLIST_FILE = Marquee/Info.plist;
				IPHONEOS_DEPLOYMENT_TARGET = 8.0;
				LD_RUNPATH_SEARCH_PATHS = (
					"$(inherited)",
					"@executable_path/Frameworks",
				);
				PRODUCT_BUNDLE_IDENTIFIER = com.Marquee.Marquee.Marquee;
				PRODUCT_NAME = "$(TARGET_NAME)";
				TARGETED_DEVICE_FAMILY = "1,2";
			};
			name = Debug;
		};
		36FD6ACD219A7330001F7CE3 /* Release */ = {
			isa = XCBuildConfiguration;
			buildSettings = {
				ASSETCATALOG_COMPILER_APPICON_NAME = AppIcon;
				CODE_SIGN_STYLE = Automatic;
				DEVELOPMENT_TEAM = HHBWV8ZU9T;
				INFOPLIST_FILE = Marquee/Info.plist;
				IPHONEOS_DEPLOYMENT_TARGET = 8.0;
				LD_RUNPATH_SEARCH_PATHS = (
					"$(inherited)",
					"@executable_path/Frameworks",
				);
				PRODUCT_BUNDLE_IDENTIFIER = com.Marquee.Marquee.Marquee;
				PRODUCT_NAME = "$(TARGET_NAME)";
				TARGETED_DEVICE_FAMILY = "1,2";
			};
			name = Release;
		};
		36FD6ACF219A7330001F7CE3 /* Debug */ = {
			isa = XCBuildConfiguration;
			buildSettings = {
				BUNDLE_LOADER = "$(TEST_HOST)";
				CODE_SIGN_STYLE = Automatic;
				DEVELOPMENT_TEAM = HHBWV8ZU9T;
				INFOPLIST_FILE = MarqueeTests/Info.plist;
				LD_RUNPATH_SEARCH_PATHS = (
					"$(inherited)",
					"@executable_path/Frameworks",
					"@loader_path/Frameworks",
				);
				PRODUCT_BUNDLE_IDENTIFIER = com.Marquee.Marquee.MarqueeTests;
				PRODUCT_NAME = "$(TARGET_NAME)";
				TARGETED_DEVICE_FAMILY = "1,2";
				TEST_HOST = "$(BUILT_PRODUCTS_DIR)/Marquee.app/Marquee";
			};
			name = Debug;
		};
		36FD6AD0219A7330001F7CE3 /* Release */ = {
			isa = XCBuildConfiguration;
			buildSettings = {
				BUNDLE_LOADER = "$(TEST_HOST)";
				CODE_SIGN_STYLE = Automatic;
				DEVELOPMENT_TEAM = HHBWV8ZU9T;
				INFOPLIST_FILE = MarqueeTests/Info.plist;
				LD_RUNPATH_SEARCH_PATHS = (
					"$(inherited)",
					"@executable_path/Frameworks",
					"@loader_path/Frameworks",
				);
				PRODUCT_BUNDLE_IDENTIFIER = com.Marquee.Marquee.MarqueeTests;
				PRODUCT_NAME = "$(TARGET_NAME)";
				TARGETED_DEVICE_FAMILY = "1,2";
				TEST_HOST = "$(BUILT_PRODUCTS_DIR)/Marquee.app/Marquee";
			};
			name = Release;
		};
		36FD6AD2219A7330001F7CE3 /* Debug */ = {
			isa = XCBuildConfiguration;
			buildSettings = {
				CODE_SIGN_STYLE = Automatic;
				DEVELOPMENT_TEAM = HHBWV8ZU9T;
				INFOPLIST_FILE = MarqueeUITests/Info.plist;
				LD_RUNPATH_SEARCH_PATHS = (
					"$(inherited)",
					"@executable_path/Frameworks",
					"@loader_path/Frameworks",
				);
				PRODUCT_BUNDLE_IDENTIFIER = com.Marquee.Marquee.MarqueeUITests;
				PRODUCT_NAME = "$(TARGET_NAME)";
				TARGETED_DEVICE_FAMILY = "1,2";
				TEST_TARGET_NAME = Marquee;
			};
			name = Debug;
		};
		36FD6AD3219A7330001F7CE3 /* Release */ = {
			isa = XCBuildConfiguration;
			buildSettings = {
				CODE_SIGN_STYLE = Automatic;
				DEVELOPMENT_TEAM = HHBWV8ZU9T;
				INFOPLIST_FILE = MarqueeUITests/Info.plist;
				LD_RUNPATH_SEARCH_PATHS = (
					"$(inherited)",
					"@executable_path/Frameworks",
					"@loader_path/Frameworks",
				);
				PRODUCT_BUNDLE_IDENTIFIER = com.Marquee.Marquee.MarqueeUITests;
				PRODUCT_NAME = "$(TARGET_NAME)";
				TARGETED_DEVICE_FAMILY = "1,2";
				TEST_TARGET_NAME = Marquee;
			};
			name = Release;
		};
/* End XCBuildConfiguration section */

/* Begin XCConfigurationList section */
		36FD6A9A219A7324001F7CE3 /* Build configuration list for PBXProject "Marquee" */ = {
			isa = XCConfigurationList;
			buildConfigurations = (
				36FD6AC9219A7330001F7CE3 /* Debug */,
				36FD6ACA219A7330001F7CE3 /* Release */,
			);
			defaultConfigurationIsVisible = 0;
			defaultConfigurationName = Release;
		};
		36FD6ACB219A7330001F7CE3 /* Build configuration list for PBXNativeTarget "Marquee" */ = {
			isa = XCConfigurationList;
			buildConfigurations = (
				36FD6ACC219A7330001F7CE3 /* Debug */,
				36FD6ACD219A7330001F7CE3 /* Release */,
			);
			defaultConfigurationIsVisible = 0;
			defaultConfigurationName = Release;
		};
		36FD6ACE219A7330001F7CE3 /* Build configuration list for PBXNativeTarget "MarqueeTests" */ = {
			isa = XCConfigurationList;
			buildConfigurations = (
				36FD6ACF219A7330001F7CE3 /* Debug */,
				36FD6AD0219A7330001F7CE3 /* Release */,
			);
			defaultConfigurationIsVisible = 0;
			defaultConfigurationName = Release;
		};
		36FD6AD1219A7330001F7CE3 /* Build configuration list for PBXNativeTarget "MarqueeUITests" */ = {
			isa = XCConfigurationList;
			buildConfigurations = (
				36FD6AD2219A7330001F7CE3 /* Debug */,
				36FD6AD3219A7330001F7CE3 /* Release */,
			);
			defaultConfigurationIsVisible = 0;
			defaultConfigurationName = Release;
		};
/* End XCConfigurationList section */
	};
	rootObject = 36FD6A97219A7324001F7CE3 /* Project object */;
}
